
Microsoft Visual Studio Solution File, Format Version 12.00
# Visual Studio Version 17
VisualStudioVersion = 17.5.33502.453
MinimumVisualStudioVersion = 10.0.40219.1
Project("{FAE04EC0-301F-11D3-BF4B-00C04F79EFBC}") = "LINQSamples", "LINQ-Sample\LINQSamples.csproj", "{A52197B0-1C1E-4778-A0FB-01C2C33AF8BC}"
EndProject
Project("{FAE04EC0-301F-11D3-BF4B-00C04F79EFBC}") = "LINQSamples.Common", "LINQSamples.Common\LINQSamples.Common.csproj", "{771A766B-07FD-474A-B734-6BAEDD2C6069}"
EndProject
Project("{FAE04EC0-301F-11D3-BF4B-00C04F79EFBC}") = "LINQSamples.DataLayer", "LINQSamples.DataLayer\LINQSamples.DataLayer.csproj", "{F4121705-1D4D-463E-8FDF-89E1B3B717D3}"
EndProject
Global
	GlobalSection(SolutionConfigurationPlatforms) = preSolution
		Debug|Any CPU = Debug|Any CPU
		Release|Any CPU = Release|Any CPU
	EndGlobalSection
	GlobalSection(ProjectConfigurationPlatforms) = postSolution
		{A52197B0-1C1E-4778-A0FB-01C2C33AF8BC}.Debug|Any CPU.ActiveCfg = Debug|Any CPU
		{A52197B0-1C1E-4778-A0FB-01C2C33AF8BC}.Debug|Any CPU.Build.0 = Debug|Any CPU
		{A52197B0-1C1E-4778-A0FB-01C2C33AF8BC}.Release|Any CPU.ActiveCfg = Release|Any CPU
		{A52197B0-1C1E-4778-A0FB-01C2C33AF8BC}.Release|Any CPU.Build.0 = Release|Any CPU
		{771A766B-07FD-474A-B734-6BAEDD2C6069}.Debug|Any CPU.ActiveCfg = Debug|Any CPU
		{771A766B-07FD-474A-B734-6BAEDD2C6069}.Debug|Any CPU.Build.0 = Debug|Any CPU
		{771A766B-07FD-474A-B734-6BAEDD2C6069}.Release|Any CPU.ActiveCfg = Release|Any CPU
		{771A766B-07FD-474A-B734-6BAEDD2C6069}.Release|Any CPU.Build.0 = Release|Any CPU
		{F4121705-1D4D-463E-8FDF-89E1B3B717D3}.Debug|Any CPU.ActiveCfg = Debug|Any CPU
		{F4121705-1D4D-463E-8FDF-89E1B3B717D3}.Debug|Any CPU.Build.0 = Debug|Any CPU
		{F4121705-1D4D-463E-8FDF-89E1B3B717D3}.Release|Any CPU.ActiveCfg = Release|Any CPU
		{F4121705-1D4D-463E-8FDF-89E1B3B717D3}.Release|Any CPU.Build.0 = Release|Any CPU
	EndGlobalSection
	GlobalSection(SolutionProperties) = preSolution
		HideSolutionNode = FALSE
	EndGlobalSection
	GlobalSection(ExtensibilityGlobals) = postSolution
		SolutionGuid = {45106A34-0596-4728-AB88-8F05B5F6A4B2}
	EndGlobalSection
EndGlobal
